
Microsoft Visual Studio Solution File, Format Version 11.00
# Visual C# Express 2010
Project("{FAE04EC0-301F-11D3-BF4B-00C04F79EFBC}") = "ProjectNavi", "ProjectNavi\ProjectNavi\ProjectNavi.csproj", "{5832C2C3-6DA4-4F3B-82A6-7FCA35F6433C}"
EndProject
Project("{FAE04EC0-301F-11D3-BF4B-00C04F79EFBC}") = "ProjectNaviContent", "ProjectNavi\ProjectNaviContent\ProjectNaviContent.contentproj", "{67FDF357-7AA8-422F-964E-C78ECB57B964}"
EndProject
Project("{FAE04EC0-301F-11D3-BF4B-00C04F79EFBC}") = "ProjectNavi.Hardware", "ProjectNavi.Hardware\ProjectNavi.Hardware.csproj", "{3E95CEB5-089F-4035-B064-1AB9635823BB}"
EndProject
Project("{FAE04EC0-301F-11D3-BF4B-00C04F79EFBC}") = "Cyberiad", "Externals\Cyberiad\Cyberiad\Cyberiad.csproj", "{7147D9B4-1A21-4208-9664-EA9C3984364F}"
EndProject
Project("{FAE04EC0-301F-11D3-BF4B-00C04F79EFBC}") = "Cyberiad.Graphics", "Externals\Cyberiad\Cyberiad.Graphics\Cyberiad.Graphics.csproj", "{92EEFF4C-3768-4FEB-8416-81786A1983AD}"
EndProject
Project("{FAE04EC0-301F-11D3-BF4B-00C04F79EFBC}") = "ProjectNavi.Localization", "ProjectNavi.Localization\ProjectNavi.Localization.csproj", "{9087B69D-532C-4075-8B96-08988F6CA6D8}"
EndProject
Project("{FAE04EC0-301F-11D3-BF4B-00C04F79EFBC}") = "ProjectNavi.RemoteGui", "ProjectNavi.RemoteGui\ProjectNavi.RemoteGui.csproj", "{EC96CC9F-1B6C-4706-9AED-A7AC6FE5376C}"
EndProject
Project("{FAE04EC0-301F-11D3-BF4B-00C04F79EFBC}") = "Bonsai", "Externals\Bonsai\Bonsai\Bonsai.csproj", "{E4D03BA3-54A2-4FF8-9DC6-52BA4CC14FED}"
EndProject
Project("{FAE04EC0-301F-11D3-BF4B-00C04F79EFBC}") = "Bonsai.Design", "Externals\Bonsai\Bonsai.Design\Bonsai.Design.csproj", "{765D928A-B147-46FF-8A59-BDE73F88A844}"
EndProject
Project("{FAE04EC0-301F-11D3-BF4B-00C04F79EFBC}") = "Bonsai.Editor", "Externals\Bonsai\Bonsai.Editor\Bonsai.Editor.csproj", "{C7FDC11D-066A-4B2B-9A52-27A5E793BEFB}"
EndProject
Project("{FAE04EC0-301F-11D3-BF4B-00C04F79EFBC}") = "Bonsai.Vision", "Externals\Bonsai\Bonsai.Vision\Bonsai.Vision.csproj", "{C226E461-6A82-49A7-9CAF-0CF872A1C91B}"
EndProject
Project("{FAE04EC0-301F-11D3-BF4B-00C04F79EFBC}") = "Bonsai.Vision.Design", "Externals\Bonsai\Bonsai.Vision.Design\Bonsai.Vision.Design.csproj", "{0004026F-D014-451D-859F-93DCEC59B2A2}"
EndProject
Project("{FAE04EC0-301F-11D3-BF4B-00C04F79EFBC}") = "Bonsai.IO", "Externals\Bonsai\Bonsai.IO\Bonsai.IO.csproj", "{B783D74F-CB2D-4419-B438-266CD15774FB}"
EndProject
Project("{FAE04EC0-301F-11D3-BF4B-00C04F79EFBC}") = "OpenCV.Net", "Externals\Bonsai\Externals\OpenCV.Net\OpenCV.Net\OpenCV.Net.csproj", "{D07280E0-B436-4E29-956C-AC881E7C9A82}"
EndProject
Project("{FAE04EC0-301F-11D3-BF4B-00C04F79EFBC}") = "Bonsai.Scripting", "Externals\Bonsai\Bonsai.Scripting\Bonsai.Scripting.csproj", "{A341A5A1-45A6-4B35-9AB1-FE42C622F738}"
EndProject
Project("{FAE04EC0-301F-11D3-BF4B-00C04F79EFBC}") = "ProjectNavi.Bonsai.Kinect", "ProjectNavi.Bonsai.Kinect\ProjectNavi.Bonsai.Kinect.csproj", "{97AB608E-E5D1-454F-BA18-D6C3716057E0}"
EndProject
Project("{FAE04EC0-301F-11D3-BF4B-00C04F79EFBC}") = "ProjectNavi.Bonsai.Aruco", "ProjectNavi.Bonsai.Aruco\ProjectNavi.Bonsai.Aruco.csproj", "{BAB97FC6-D7B8-4E27-9EE2-5399F0CD5D30}"
EndProject
Project("{FAE04EC0-301F-11D3-BF4B-00C04F79EFBC}") = "ProjectNavi.Bonsai.Aruco.Design", "ProjectNavi.Bonsai.Aruco.Design\ProjectNavi.Bonsai.Aruco.Design.csproj", "{2DD91EA2-D3DD-41AC-9815-ADB490919948}"
EndProject
Project("{FAE04EC0-301F-11D3-BF4B-00C04F79EFBC}") = "ProjectNavi.SkypeController", "ProjectNavi.SkypeController\ProjectNavi.SkypeController.csproj", "{B464E46F-5B96-419C-BACB-05FC3E25E6B6}"
EndProject
Project("{FAE04EC0-301F-11D3-BF4B-00C04F79EFBC}") = "Microsoft.Samples.Kinect.WpfViewers", "Externals\KinectWpfViewers\Microsoft.Samples.Kinect.WpfViewers.csproj", "{4DE23893-27E7-423F-9BB6-BA21DAC2C45E}"
EndProject
Project("{FAE04EC0-301F-11D3-BF4B-00C04F79EFBC}") = "ProjectNavi.Tasks", "ProjectNavi.Tasks\ProjectNavi.Tasks.csproj", "{67485552-BA56-4CD1-898D-6D64BECCAFD0}"
EndProject
Project("{FAE04EC0-301F-11D3-BF4B-00C04F79EFBC}") = "ProjectNavi.Navigation", "ProjectNavi.Navigation\ProjectNavi.Navigation.csproj", "{428608F2-5BDC-4F1E-9FCD-CAC00EA628E4}"
EndProject
Global
	GlobalSection(SolutionConfigurationPlatforms) = preSolution
		Debug|Any CPU = Debug|Any CPU
		Debug|Mixed Platforms = Debug|Mixed Platforms
		Debug|x86 = Debug|x86
		Release|Any CPU = Release|Any CPU
		Release|Mixed Platforms = Release|Mixed Platforms
		Release|x86 = Release|x86
	EndGlobalSection
	GlobalSection(ProjectConfigurationPlatforms) = postSolution
		{5832C2C3-6DA4-4F3B-82A6-7FCA35F6433C}.Debug|Any CPU.ActiveCfg = Debug|x86
		{5832C2C3-6DA4-4F3B-82A6-7FCA35F6433C}.Debug|Mixed Platforms.ActiveCfg = Debug|x86
		{5832C2C3-6DA4-4F3B-82A6-7FCA35F6433C}.Debug|Mixed Platforms.Build.0 = Debug|x86
		{5832C2C3-6DA4-4F3B-82A6-7FCA35F6433C}.Debug|x86.ActiveCfg = Debug|x86
		{5832C2C3-6DA4-4F3B-82A6-7FCA35F6433C}.Debug|x86.Build.0 = Debug|x86
		{5832C2C3-6DA4-4F3B-82A6-7FCA35F6433C}.Release|Any CPU.ActiveCfg = Release|x86
		{5832C2C3-6DA4-4F3B-82A6-7FCA35F6433C}.Release|Mixed Platforms.ActiveCfg = Release|x86
		{5832C2C3-6DA4-4F3B-82A6-7FCA35F6433C}.Release|Mixed Platforms.Build.0 = Release|x86
		{5832C2C3-6DA4-4F3B-82A6-7FCA35F6433C}.Release|x86.ActiveCfg = Release|x86
		{5832C2C3-6DA4-4F3B-82A6-7FCA35F6433C}.Release|x86.Build.0 = Release|x86
		{67FDF357-7AA8-422F-964E-C78ECB57B964}.Debug|Any CPU.ActiveCfg = Debug|x86
		{67FDF357-7AA8-422F-964E-C78ECB57B964}.Debug|Mixed Platforms.ActiveCfg = Debug|x86
		{67FDF357-7AA8-422F-964E-C78ECB57B964}.Debug|x86.ActiveCfg = Debug|x86
		{67FDF357-7AA8-422F-964E-C78ECB57B964}.Release|Any CPU.ActiveCfg = Release|x86
		{67FDF357-7AA8-422F-964E-C78ECB57B964}.Release|Mixed Platforms.ActiveCfg = Release|x86
		{67FDF357-7AA8-422F-964E-C78ECB57B964}.Release|x86.ActiveCfg = Release|x86
		{3E95CEB5-089F-4035-B064-1AB9635823BB}.Debug|Any CPU.ActiveCfg = Debug|Any CPU
		{3E95CEB5-089F-4035-B064-1AB9635823BB}.Debug|Any CPU.Build.0 = Debug|Any CPU
		{3E95CEB5-089F-4035-B064-1AB9635823BB}.Debug|Mixed Platforms.ActiveCfg = Debug|Any CPU
		{3E95CEB5-089F-4035-B064-1AB9635823BB}.Debug|Mixed Platforms.Build.0 = Debug|Any CPU
		{3E95CEB5-089F-4035-B064-1AB9635823BB}.Debug|x86.ActiveCfg = Debug|Any CPU
		{3E95CEB5-089F-4035-B064-1AB9635823BB}.Release|Any CPU.ActiveCfg = Release|Any CPU
		{3E95CEB5-089F-4035-B064-1AB9635823BB}.Release|Any CPU.Build.0 = Release|Any CPU
		{3E95CEB5-089F-4035-B064-1AB9635823BB}.Release|Mixed Platforms.ActiveCfg = Release|Any CPU
		{3E95CEB5-089F-4035-B064-1AB9635823BB}.Release|Mixed Platforms.Build.0 = Release|Any CPU
		{3E95CEB5-089F-4035-B064-1AB9635823BB}.Release|x86.ActiveCfg = Release|Any CPU
		{7147D9B4-1A21-4208-9664-EA9C3984364F}.Debug|Any CPU.ActiveCfg = Debug|x86
		{7147D9B4-1A21-4208-9664-EA9C3984364F}.Debug|Mixed Platforms.ActiveCfg = Debug|x86
		{7147D9B4-1A21-4208-9664-EA9C3984364F}.Debug|Mixed Platforms.Build.0 = Debug|x86
		{7147D9B4-1A21-4208-9664-EA9C3984364F}.Debug|x86.ActiveCfg = Debug|x86
		{7147D9B4-1A21-4208-9664-EA9C3984364F}.Debug|x86.Build.0 = Debug|x86
		{7147D9B4-1A21-4208-9664-EA9C3984364F}.Release|Any CPU.ActiveCfg = Release|x86
		{7147D9B4-1A21-4208-9664-EA9C3984364F}.Release|Mixed Platforms.ActiveCfg = Release|x86
		{7147D9B4-1A21-4208-9664-EA9C3984364F}.Release|Mixed Platforms.Build.0 = Release|x86
		{7147D9B4-1A21-4208-9664-EA9C3984364F}.Release|x86.ActiveCfg = Release|x86
		{7147D9B4-1A21-4208-9664-EA9C3984364F}.Release|x86.Build.0 = Release|x86
		{92EEFF4C-3768-4FEB-8416-81786A1983AD}.Debug|Any CPU.ActiveCfg = Debug|x86
		{92EEFF4C-3768-4FEB-8416-81786A1983AD}.Debug|Mixed Platforms.ActiveCfg = Debug|x86
		{92EEFF4C-3768-4FEB-8416-81786A1983AD}.Debug|Mixed Platforms.Build.0 = Debug|x86
		{92EEFF4C-3768-4FEB-8416-81786A1983AD}.Debug|x86.ActiveCfg = Debug|x86
		{92EEFF4C-3768-4FEB-8416-81786A1983AD}.Debug|x86.Build.0 = Debug|x86
		{92EEFF4C-3768-4FEB-8416-81786A1983AD}.Release|Any CPU.ActiveCfg = Release|x86
		{92EEFF4C-3768-4FEB-8416-81786A1983AD}.Release|Mixed Platforms.ActiveCfg = Release|x86
		{92EEFF4C-3768-4FEB-8416-81786A1983AD}.Release|Mixed Platforms.Build.0 = Release|x86
		{92EEFF4C-3768-4FEB-8416-81786A1983AD}.Release|x86.ActiveCfg = Release|x86
		{92EEFF4C-3768-4FEB-8416-81786A1983AD}.Release|x86.Build.0 = Release|x86
		{9087B69D-532C-4075-8B96-08988F6CA6D8}.Debug|Any CPU.ActiveCfg = Debug|Any CPU
		{9087B69D-532C-4075-8B96-08988F6CA6D8}.Debug|Any CPU.Build.0 = Debug|Any CPU
		{9087B69D-532C-4075-8B96-08988F6CA6D8}.Debug|Mixed Platforms.ActiveCfg = Debug|Any CPU
		{9087B69D-532C-4075-8B96-08988F6CA6D8}.Debug|Mixed Platforms.Build.0 = Debug|Any CPU
		{9087B69D-532C-4075-8B96-08988F6CA6D8}.Debug|x86.ActiveCfg = Debug|Any CPU
		{9087B69D-532C-4075-8B96-08988F6CA6D8}.Release|Any CPU.ActiveCfg = Release|Any CPU
		{9087B69D-532C-4075-8B96-08988F6CA6D8}.Release|Any CPU.Build.0 = Release|Any CPU
		{9087B69D-532C-4075-8B96-08988F6CA6D8}.Release|Mixed Platforms.ActiveCfg = Release|Any CPU
		{9087B69D-532C-4075-8B96-08988F6CA6D8}.Release|Mixed Platforms.Build.0 = Release|Any CPU
		{9087B69D-532C-4075-8B96-08988F6CA6D8}.Release|x86.ActiveCfg = Release|Any CPU
		{EC96CC9F-1B6C-4706-9AED-A7AC6FE5376C}.Debug|Any CPU.ActiveCfg = Debug|x86
		{EC96CC9F-1B6C-4706-9AED-A7AC6FE5376C}.Debug|Mixed Platforms.ActiveCfg = Debug|x86
		{EC96CC9F-1B6C-4706-9AED-A7AC6FE5376C}.Debug|Mixed Platforms.Build.0 = Debug|x86
		{EC96CC9F-1B6C-4706-9AED-A7AC6FE5376C}.Debug|x86.ActiveCfg = Debug|x86
		{EC96CC9F-1B6C-4706-9AED-A7AC6FE5376C}.Debug|x86.Build.0 = Debug|x86
		{EC96CC9F-1B6C-4706-9AED-A7AC6FE5376C}.Release|Any CPU.ActiveCfg = Release|x86
		{EC96CC9F-1B6C-4706-9AED-A7AC6FE5376C}.Release|Mixed Platforms.ActiveCfg = Release|x86
		{EC96CC9F-1B6C-4706-9AED-A7AC6FE5376C}.Release|Mixed Platforms.Build.0 = Release|x86
		{EC96CC9F-1B6C-4706-9AED-A7AC6FE5376C}.Release|x86.ActiveCfg = Release|x86
		{EC96CC9F-1B6C-4706-9AED-A7AC6FE5376C}.Release|x86.Build.0 = Release|x86
		{E4D03BA3-54A2-4FF8-9DC6-52BA4CC14FED}.Debug|Any CPU.ActiveCfg = Debug|Any CPU
		{E4D03BA3-54A2-4FF8-9DC6-52BA4CC14FED}.Debug|Any CPU.Build.0 = Debug|Any CPU
		{E4D03BA3-54A2-4FF8-9DC6-52BA4CC14FED}.Debug|Mixed Platforms.ActiveCfg = Debug|Any CPU
		{E4D03BA3-54A2-4FF8-9DC6-52BA4CC14FED}.Debug|Mixed Platforms.Build.0 = Debug|Any CPU
		{E4D03BA3-54A2-4FF8-9DC6-52BA4CC14FED}.Debug|x86.ActiveCfg = Debug|Any CPU
		{E4D03BA3-54A2-4FF8-9DC6-52BA4CC14FED}.Release|Any CPU.ActiveCfg = Release|Any CPU
		{E4D03BA3-54A2-4FF8-9DC6-52BA4CC14FED}.Release|Any CPU.Build.0 = Release|Any CPU
		{E4D03BA3-54A2-4FF8-9DC6-52BA4CC14FED}.Release|Mixed Platforms.ActiveCfg = Release|Any CPU
		{E4D03BA3-54A2-4FF8-9DC6-52BA4CC14FED}.Release|Mixed Platforms.Build.0 = Release|Any CPU
		{E4D03BA3-54A2-4FF8-9DC6-52BA4CC14FED}.Release|x86.ActiveCfg = Release|Any CPU
		{765D928A-B147-46FF-8A59-BDE73F88A844}.Debug|Any CPU.ActiveCfg = Debug|Any CPU
		{765D928A-B147-46FF-8A59-BDE73F88A844}.Debug|Any CPU.Build.0 = Debug|Any CPU
		{765D928A-B147-46FF-8A59-BDE73F88A844}.Debug|Mixed Platforms.ActiveCfg = Debug|Any CPU
		{765D928A-B147-46FF-8A59-BDE73F88A844}.Debug|Mixed Platforms.Build.0 = Debug|Any CPU
		{765D928A-B147-46FF-8A59-BDE73F88A844}.Debug|x86.ActiveCfg = Debug|Any CPU
		{765D928A-B147-46FF-8A59-BDE73F88A844}.Release|Any CPU.ActiveCfg = Release|Any CPU
		{765D928A-B147-46FF-8A59-BDE73F88A844}.Release|Any CPU.Build.0 = Release|Any CPU
		{765D928A-B147-46FF-8A59-BDE73F88A844}.Release|Mixed Platforms.ActiveCfg = Release|Any CPU
		{765D928A-B147-46FF-8A59-BDE73F88A844}.Release|Mixed Platforms.Build.0 = Release|Any CPU
		{765D928A-B147-46FF-8A59-BDE73F88A844}.Release|x86.ActiveCfg = Release|Any CPU
		{C7FDC11D-066A-4B2B-9A52-27A5E793BEFB}.Debug|Any CPU.ActiveCfg = Debug|x86
		{C7FDC11D-066A-4B2B-9A52-27A5E793BEFB}.Debug|Mixed Platforms.ActiveCfg = Debug|x86
		{C7FDC11D-066A-4B2B-9A52-27A5E793BEFB}.Debug|Mixed Platforms.Build.0 = Debug|x86
		{C7FDC11D-066A-4B2B-9A52-27A5E793BEFB}.Debug|x86.ActiveCfg = Debug|x86
		{C7FDC11D-066A-4B2B-9A52-27A5E793BEFB}.Debug|x86.Build.0 = Debug|x86
		{C7FDC11D-066A-4B2B-9A52-27A5E793BEFB}.Release|Any CPU.ActiveCfg = Release|x86
		{C7FDC11D-066A-4B2B-9A52-27A5E793BEFB}.Release|Mixed Platforms.ActiveCfg = Release|x86
		{C7FDC11D-066A-4B2B-9A52-27A5E793BEFB}.Release|Mixed Platforms.Build.0 = Release|x86
		{C7FDC11D-066A-4B2B-9A52-27A5E793BEFB}.Release|x86.ActiveCfg = Release|x86
		{C7FDC11D-066A-4B2B-9A52-27A5E793BEFB}.Release|x86.Build.0 = Release|x86
		{C226E461-6A82-49A7-9CAF-0CF872A1C91B}.Debug|Any CPU.ActiveCfg = Debug|Any CPU
		{C226E461-6A82-49A7-9CAF-0CF872A1C91B}.Debug|Any CPU.Build.0 = Debug|Any CPU
		{C226E461-6A82-49A7-9CAF-0CF872A1C91B}.Debug|Mixed Platforms.ActiveCfg = Debug|Any CPU
		{C226E461-6A82-49A7-9CAF-0CF872A1C91B}.Debug|Mixed Platforms.Build.0 = Debug|Any CPU
		{C226E461-6A82-49A7-9CAF-0CF872A1C91B}.Debug|x86.ActiveCfg = Debug|Any CPU
		{C226E461-6A82-49A7-9CAF-0CF872A1C91B}.Release|Any CPU.ActiveCfg = Release|Any CPU
		{C226E461-6A82-49A7-9CAF-0CF872A1C91B}.Release|Any CPU.Build.0 = Release|Any CPU
		{C226E461-6A82-49A7-9CAF-0CF872A1C91B}.Release|Mixed Platforms.ActiveCfg = Release|Any CPU
		{C226E461-6A82-49A7-9CAF-0CF872A1C91B}.Release|Mixed Platforms.Build.0 = Release|Any CPU
		{C226E461-6A82-49A7-9CAF-0CF872A1C91B}.Release|x86.ActiveCfg = Release|Any CPU
		{0004026F-D014-451D-859F-93DCEC59B2A2}.Debug|Any CPU.ActiveCfg = Debug|Any CPU
		{0004026F-D014-451D-859F-93DCEC59B2A2}.Debug|Any CPU.Build.0 = Debug|Any CPU
		{0004026F-D014-451D-859F-93DCEC59B2A2}.Debug|Mixed Platforms.ActiveCfg = Debug|Any CPU
		{0004026F-D014-451D-859F-93DCEC59B2A2}.Debug|Mixed Platforms.Build.0 = Debug|Any CPU
		{0004026F-D014-451D-859F-93DCEC59B2A2}.Debug|x86.ActiveCfg = Debug|Any CPU
		{0004026F-D014-451D-859F-93DCEC59B2A2}.Release|Any CPU.ActiveCfg = Release|Any CPU
		{0004026F-D014-451D-859F-93DCEC59B2A2}.Release|Any CPU.Build.0 = Release|Any CPU
		{0004026F-D014-451D-859F-93DCEC59B2A2}.Release|Mixed Platforms.ActiveCfg = Release|Any CPU
		{0004026F-D014-451D-859F-93DCEC59B2A2}.Release|Mixed Platforms.Build.0 = Release|Any CPU
		{0004026F-D014-451D-859F-93DCEC59B2A2}.Release|x86.ActiveCfg = Release|Any CPU
		{B783D74F-CB2D-4419-B438-266CD15774FB}.Debug|Any CPU.ActiveCfg = Debug|Any CPU
		{B783D74F-CB2D-4419-B438-266CD15774FB}.Debug|Any CPU.Build.0 = Debug|Any CPU
		{B783D74F-CB2D-4419-B438-266CD15774FB}.Debug|Mixed Platforms.ActiveCfg = Debug|Any CPU
		{B783D74F-CB2D-4419-B438-266CD15774FB}.Debug|Mixed Platforms.Build.0 = Debug|Any CPU
		{B783D74F-CB2D-4419-B438-266CD15774FB}.Debug|x86.ActiveCfg = Debug|Any CPU
		{B783D74F-CB2D-4419-B438-266CD15774FB}.Release|Any CPU.ActiveCfg = Release|Any CPU
		{B783D74F-CB2D-4419-B438-266CD15774FB}.Release|Any CPU.Build.0 = Release|Any CPU
		{B783D74F-CB2D-4419-B438-266CD15774FB}.Release|Mixed Platforms.ActiveCfg = Release|Any CPU
		{B783D74F-CB2D-4419-B438-266CD15774FB}.Release|Mixed Platforms.Build.0 = Release|Any CPU
		{B783D74F-CB2D-4419-B438-266CD15774FB}.Release|x86.ActiveCfg = Release|Any CPU
		{D07280E0-B436-4E29-956C-AC881E7C9A82}.Debug|Any CPU.ActiveCfg = Debug|Any CPU
		{D07280E0-B436-4E29-956C-AC881E7C9A82}.Debug|Any CPU.Build.0 = Debug|Any CPU
		{D07280E0-B436-4E29-956C-AC881E7C9A82}.Debug|Mixed Platforms.ActiveCfg = Debug|Any CPU
		{D07280E0-B436-4E29-956C-AC881E7C9A82}.Debug|Mixed Platforms.Build.0 = Debug|Any CPU
		{D07280E0-B436-4E29-956C-AC881E7C9A82}.Debug|x86.ActiveCfg = Debug|Any CPU
		{D07280E0-B436-4E29-956C-AC881E7C9A82}.Release|Any CPU.ActiveCfg = Release|Any CPU
		{D07280E0-B436-4E29-956C-AC881E7C9A82}.Release|Any CPU.Build.0 = Release|Any CPU
		{D07280E0-B436-4E29-956C-AC881E7C9A82}.Release|Mixed Platforms.ActiveCfg = Release|Any CPU
		{D07280E0-B436-4E29-956C-AC881E7C9A82}.Release|Mixed Platforms.Build.0 = Release|Any CPU
		{D07280E0-B436-4E29-956C-AC881E7C9A82}.Release|x86.ActiveCfg = Release|Any CPU
		{A341A5A1-45A6-4B35-9AB1-FE42C622F738}.Debug|Any CPU.ActiveCfg = Debug|Any CPU
		{A341A5A1-45A6-4B35-9AB1-FE42C622F738}.Debug|Any CPU.Build.0 = Debug|Any CPU
		{A341A5A1-45A6-4B35-9AB1-FE42C622F738}.Debug|Mixed Platforms.ActiveCfg = Debug|Any CPU
		{A341A5A1-45A6-4B35-9AB1-FE42C622F738}.Debug|Mixed Platforms.Build.0 = Debug|Any CPU
		{A341A5A1-45A6-4B35-9AB1-FE42C622F738}.Debug|x86.ActiveCfg = Debug|Any CPU
		{A341A5A1-45A6-4B35-9AB1-FE42C622F738}.Release|Any CPU.ActiveCfg = Release|Any CPU
		{A341A5A1-45A6-4B35-9AB1-FE42C622F738}.Release|Any CPU.Build.0 = Release|Any CPU
		{A341A5A1-45A6-4B35-9AB1-FE42C622F738}.Release|Mixed Platforms.ActiveCfg = Release|Any CPU
		{A341A5A1-45A6-4B35-9AB1-FE42C622F738}.Release|Mixed Platforms.Build.0 = Release|Any CPU
		{A341A5A1-45A6-4B35-9AB1-FE42C622F738}.Release|x86.ActiveCfg = Release|Any CPU
		{97AB608E-E5D1-454F-BA18-D6C3716057E0}.Debug|Any CPU.ActiveCfg = Debug|Any CPU
		{97AB608E-E5D1-454F-BA18-D6C3716057E0}.Debug|Any CPU.Build.0 = Debug|Any CPU
		{97AB608E-E5D1-454F-BA18-D6C3716057E0}.Debug|Mixed Platforms.ActiveCfg = Debug|Any CPU
		{97AB608E-E5D1-454F-BA18-D6C3716057E0}.Debug|Mixed Platforms.Build.0 = Debug|Any CPU
		{97AB608E-E5D1-454F-BA18-D6C3716057E0}.Debug|x86.ActiveCfg = Debug|Any CPU
		{97AB608E-E5D1-454F-BA18-D6C3716057E0}.Release|Any CPU.ActiveCfg = Release|Any CPU
		{97AB608E-E5D1-454F-BA18-D6C3716057E0}.Release|Any CPU.Build.0 = Release|Any CPU
		{97AB608E-E5D1-454F-BA18-D6C3716057E0}.Release|Mixed Platforms.ActiveCfg = Release|Any CPU
		{97AB608E-E5D1-454F-BA18-D6C3716057E0}.Release|Mixed Platforms.Build.0 = Release|Any CPU
		{97AB608E-E5D1-454F-BA18-D6C3716057E0}.Release|x86.ActiveCfg = Release|Any CPU
		{BAB97FC6-D7B8-4E27-9EE2-5399F0CD5D30}.Debug|Any CPU.ActiveCfg = Debug|Any CPU
		{BAB97FC6-D7B8-4E27-9EE2-5399F0CD5D30}.Debug|Any CPU.Build.0 = Debug|Any CPU
		{BAB97FC6-D7B8-4E27-9EE2-5399F0CD5D30}.Debug|Mixed Platforms.ActiveCfg = Debug|Any CPU
		{BAB97FC6-D7B8-4E27-9EE2-5399F0CD5D30}.Debug|Mixed Platforms.Build.0 = Debug|Any CPU
		{BAB97FC6-D7B8-4E27-9EE2-5399F0CD5D30}.Debug|x86.ActiveCfg = Debug|Any CPU
		{BAB97FC6-D7B8-4E27-9EE2-5399F0CD5D30}.Release|Any CPU.ActiveCfg = Release|Any CPU
		{BAB97FC6-D7B8-4E27-9EE2-5399F0CD5D30}.Release|Any CPU.Build.0 = Release|Any CPU
		{BAB97FC6-D7B8-4E27-9EE2-5399F0CD5D30}.Release|Mixed Platforms.ActiveCfg = Release|Any CPU
		{BAB97FC6-D7B8-4E27-9EE2-5399F0CD5D30}.Release|Mixed Platforms.Build.0 = Release|Any CPU
		{BAB97FC6-D7B8-4E27-9EE2-5399F0CD5D30}.Release|x86.ActiveCfg = Release|Any CPU
		{2DD91EA2-D3DD-41AC-9815-ADB490919948}.Debug|Any CPU.ActiveCfg = Debug|Any CPU
		{2DD91EA2-D3DD-41AC-9815-ADB490919948}.Debug|Any CPU.Build.0 = Debug|Any CPU
		{2DD91EA2-D3DD-41AC-9815-ADB490919948}.Debug|Mixed Platforms.ActiveCfg = Debug|Any CPU
		{2DD91EA2-D3DD-41AC-9815-ADB490919948}.Debug|Mixed Platforms.Build.0 = Debug|Any CPU
		{2DD91EA2-D3DD-41AC-9815-ADB490919948}.Debug|x86.ActiveCfg = Debug|Any CPU
		{2DD91EA2-D3DD-41AC-9815-ADB490919948}.Release|Any CPU.ActiveCfg = Release|Any CPU
		{2DD91EA2-D3DD-41AC-9815-ADB490919948}.Release|Any CPU.Build.0 = Release|Any CPU
		{2DD91EA2-D3DD-41AC-9815-ADB490919948}.Release|Mixed Platforms.ActiveCfg = Release|Any CPU
		{2DD91EA2-D3DD-41AC-9815-ADB490919948}.Release|Mixed Platforms.Build.0 = Release|Any CPU
		{2DD91EA2-D3DD-41AC-9815-ADB490919948}.Release|x86.ActiveCfg = Release|Any CPU
		{B464E46F-5B96-419C-BACB-05FC3E25E6B6}.Debug|Any CPU.ActiveCfg = Debug|x86
		{B464E46F-5B96-419C-BACB-05FC3E25E6B6}.Debug|Mixed Platforms.ActiveCfg = Debug|x86
		{B464E46F-5B96-419C-BACB-05FC3E25E6B6}.Debug|Mixed Platforms.Build.0 = Debug|x86
		{B464E46F-5B96-419C-BACB-05FC3E25E6B6}.Debug|x86.ActiveCfg = Debug|x86
		{B464E46F-5B96-419C-BACB-05FC3E25E6B6}.Debug|x86.Build.0 = Debug|x86
		{B464E46F-5B96-419C-BACB-05FC3E25E6B6}.Release|Any CPU.ActiveCfg = Release|x86
		{B464E46F-5B96-419C-BACB-05FC3E25E6B6}.Release|Mixed Platforms.ActiveCfg = Release|x86
		{B464E46F-5B96-419C-BACB-05FC3E25E6B6}.Release|Mixed Platforms.Build.0 = Release|x86
		{B464E46F-5B96-419C-BACB-05FC3E25E6B6}.Release|x86.ActiveCfg = Release|x86
		{B464E46F-5B96-419C-BACB-05FC3E25E6B6}.Release|x86.Build.0 = Release|x86
		{4DE23893-27E7-423F-9BB6-BA21DAC2C45E}.Debug|Any CPU.ActiveCfg = Debug|Any CPU
		{4DE23893-27E7-423F-9BB6-BA21DAC2C45E}.Debug|Any CPU.Build.0 = Debug|Any CPU
		{4DE23893-27E7-423F-9BB6-BA21DAC2C45E}.Debug|Mixed Platforms.ActiveCfg = Debug|Any CPU
		{4DE23893-27E7-423F-9BB6-BA21DAC2C45E}.Debug|Mixed Platforms.Build.0 = Debug|Any CPU
		{4DE23893-27E7-423F-9BB6-BA21DAC2C45E}.Debug|x86.ActiveCfg = Debug|Any CPU
		{4DE23893-27E7-423F-9BB6-BA21DAC2C45E}.Release|Any CPU.ActiveCfg = Release|Any CPU
		{4DE23893-27E7-423F-9BB6-BA21DAC2C45E}.Release|Any CPU.Build.0 = Release|Any CPU
		{4DE23893-27E7-423F-9BB6-BA21DAC2C45E}.Release|Mixed Platforms.ActiveCfg = Release|Any CPU
		{4DE23893-27E7-423F-9BB6-BA21DAC2C45E}.Release|Mixed Platforms.Build.0 = Release|Any CPU
		{4DE23893-27E7-423F-9BB6-BA21DAC2C45E}.Release|x86.ActiveCfg = Release|Any CPU
		{67485552-BA56-4CD1-898D-6D64BECCAFD0}.Debug|Any CPU.ActiveCfg = Debug|Any CPU
		{67485552-BA56-4CD1-898D-6D64BECCAFD0}.Debug|Any CPU.Build.0 = Debug|Any CPU
		{67485552-BA56-4CD1-898D-6D64BECCAFD0}.Debug|Mixed Platforms.ActiveCfg = Debug|Any CPU
		{67485552-BA56-4CD1-898D-6D64BECCAFD0}.Debug|Mixed Platforms.Build.0 = Debug|Any CPU
		{67485552-BA56-4CD1-898D-6D64BECCAFD0}.Debug|x86.ActiveCfg = Debug|Any CPU
		{67485552-BA56-4CD1-898D-6D64BECCAFD0}.Release|Any CPU.ActiveCfg = Release|Any CPU
		{67485552-BA56-4CD1-898D-6D64BECCAFD0}.Release|Any CPU.Build.0 = Release|Any CPU
		{67485552-BA56-4CD1-898D-6D64BECCAFD0}.Release|Mixed Platforms.ActiveCfg = Release|Any CPU
		{67485552-BA56-4CD1-898D-6D64BECCAFD0}.Release|Mixed Platforms.Build.0 = Release|Any CPU
		{67485552-BA56-4CD1-898D-6D64BECCAFD0}.Release|x86.ActiveCfg = Release|Any CPU
		{428608F2-5BDC-4F1E-9FCD-CAC00EA628E4}.Debug|Any CPU.ActiveCfg = Debug|Any CPU
		{428608F2-5BDC-4F1E-9FCD-CAC00EA628E4}.Debug|Any CPU.Build.0 = Debug|Any CPU
		{428608F2-5BDC-4F1E-9FCD-CAC00EA628E4}.Debug|Mixed Platforms.ActiveCfg = Debug|Any CPU
		{428608F2-5BDC-4F1E-9FCD-CAC00EA628E4}.Debug|Mixed Platforms.Build.0 = Debug|Any CPU
		{428608F2-5BDC-4F1E-9FCD-CAC00EA628E4}.Debug|x86.ActiveCfg = Debug|Any CPU
		{428608F2-5BDC-4F1E-9FCD-CAC00EA628E4}.Release|Any CPU.ActiveCfg = Release|Any CPU
		{428608F2-5BDC-4F1E-9FCD-CAC00EA628E4}.Release|Any CPU.Build.0 = Release|Any CPU
		{428608F2-5BDC-4F1E-9FCD-CAC00EA628E4}.Release|Mixed Platforms.ActiveCfg = Release|Any CPU
		{428608F2-5BDC-4F1E-9FCD-CAC00EA628E4}.Release|Mixed Platforms.Build.0 = Release|Any CPU
		{428608F2-5BDC-4F1E-9FCD-CAC00EA628E4}.Release|x86.ActiveCfg = Release|Any CPU
	EndGlobalSection
	GlobalSection(SolutionProperties) = preSolution
		HideSolutionNode = FALSE
	EndGlobalSection
EndGlobal
